
Microsoft Visual Studio Solution File, Format Version 12.00
# Visual Studio Version 17
VisualStudioVersion = 17.0.31919.166
MinimumVisualStudioVersion = 10.0.40219.1
Project("{9A19103F-16F7-4668-BE54-9A1E7A4F7556}") = "WPFCurrency", "WPFCurrency\WPFCurrency.csproj", "{F982810B-BE3D-4FFE-99AB-88119817D8E8}"
EndProject
Project("{9A19103F-16F7-4668-BE54-9A1E7A4F7556}") = "Tests", "Tests\Tests.csproj", "{EA9202AE-1735-46EE-8E08-025EA9C535BB}"
EndProject
Project("{9A19103F-16F7-4668-BE54-9A1E7A4F7556}") = "CurrencyLib", "CurrencyLib\CurrencyLib.csproj", "{78BEB946-35B7-4953-B338-2E42A711B3A9}"
EndProject
Global
	GlobalSection(SolutionConfigurationPlatforms) = preSolution
		Debug|Any CPU = Debug|Any CPU
		Release|Any CPU = Release|Any CPU
	EndGlobalSection
	GlobalSection(ProjectConfigurationPlatforms) = postSolution
		{F982810B-BE3D-4FFE-99AB-88119817D8E8}.Debug|Any CPU.ActiveCfg = Debug|Any CPU
		{F982810B-BE3D-4FFE-99AB-88119817D8E8}.Debug|Any CPU.Build.0 = Debug|Any CPU
		{F982810B-BE3D-4FFE-99AB-88119817D8E8}.Release|Any CPU.ActiveCfg = Release|Any CPU
		{F982810B-BE3D-4FFE-99AB-88119817D8E8}.Release|Any CPU.Build.0 = Release|Any CPU
		{EA9202AE-1735-46EE-8E08-025EA9C535BB}.Debug|Any CPU.ActiveCfg = Debug|Any CPU
		{EA9202AE-1735-46EE-8E08-025EA9C535BB}.Debug|Any CPU.Build.0 = Debug|Any CPU
		{EA9202AE-1735-46EE-8E08-025EA9C535BB}.Release|Any CPU.ActiveCfg = Release|Any CPU
		{EA9202AE-1735-46EE-8E08-025EA9C535BB}.Release|Any CPU.Build.0 = Release|Any CPU
		{78BEB946-35B7-4953-B338-2E42A711B3A9}.Debug|Any CPU.ActiveCfg = Debug|Any CPU
		{78BEB946-35B7-4953-B338-2E42A711B3A9}.Debug|Any CPU.Build.0 = Debug|Any CPU
		{78BEB946-35B7-4953-B338-2E42A711B3A9}.Release|Any CPU.ActiveCfg = Release|Any CPU
		{78BEB946-35B7-4953-B338-2E42A711B3A9}.Release|Any CPU.Build.0 = Release|Any CPU
	EndGlobalSection
	GlobalSection(SolutionProperties) = preSolution
		HideSolutionNode = FALSE
	EndGlobalSection
	GlobalSection(ExtensibilityGlobals) = postSolution
		SolutionGuid = {680F0DD6-10D8-4E63-9DAB-DA0155CA798B}
	EndGlobalSection
EndGlobal
